
Microsoft Visual Studio Solution File, Format Version 12.00
# Visual Studio Version 16
VisualStudioVersion = 16.0.31515.178
MinimumVisualStudioVersion = 10.0.40219.1
Project("{FAE04EC0-301F-11D3-BF4B-00C04F79EFBC}") = "BudgetMateAPI", "BudgetMateAPI\BudgetMateAPI.csproj", "{A30999F1-0C5D-4AE0-8834-4CEAE0FC832C}"
EndProject
Global
	GlobalSection(SolutionConfigurationPlatforms) = preSolution
		Debug|Any CPU = Debug|Any CPU
		Release|Any CPU = Release|Any CPU
	EndGlobalSection
	GlobalSection(ProjectConfigurationPlatforms) = postSolution
		{A30999F1-0C5D-4AE0-8834-4CEAE0FC832C}.Debug|Any CPU.ActiveCfg = Debug|Any CPU
		{A30999F1-0C5D-4AE0-8834-4CEAE0FC832C}.Debug|Any CPU.Build.0 = Debug|Any CPU
		{A30999F1-0C5D-4AE0-8834-4CEAE0FC832C}.Release|Any CPU.ActiveCfg = Release|Any CPU
		{A30999F1-0C5D-4AE0-8834-4CEAE0FC832C}.Release|Any CPU.Build.0 = Release|Any CPU
	EndGlobalSection
	GlobalSection(SolutionProperties) = preSolution
		HideSolutionNode = FALSE
	EndGlobalSection
	GlobalSection(ExtensibilityGlobals) = postSolution
		SolutionGuid = {E52082BA-CDD3-4535-AD02-83F8AA28D060}
	EndGlobalSection
EndGlobal
